
Microsoft Visual Studio Solution File, Format Version 12.00
# Visual Studio 2013
VisualStudioVersion = 12.0.31101.0
MinimumVisualStudioVersion = 10.0.40219.1
Project("{FAE04EC0-301F-11D3-BF4B-00C04F79EFBC}") = "MyFridge", "MyFridge\MyFridge.csproj", "{1489FA39-35B0-4294-A2FE-9371F21375CA}"
EndProject
Project("{FAE04EC0-301F-11D3-BF4B-00C04F79EFBC}") = "MyFridge.iOS", "MyFridge.iOS\MyFridge.iOS.csproj", "{DEADB533-3511-4CC3-95F0-77605AB1A953}"
EndProject
Project("{FAE04EC0-301F-11D3-BF4B-00C04F79EFBC}") = "MyFridge.Android", "MyFridge.Android\MyFridge.Android.csproj", "{6AE17A32-CB82-43F6-9E4C-00B557101C97}"
EndProject
Project("{FAE04EC0-301F-11D3-BF4B-00C04F79EFBC}") = "MyFridge.WinPhone", "MyFridge.WinPhone\MyFridge.WinPhone.csproj", "{6BD75EBF-BF79-4DD1-B122-744DA7B0EEAD}"
EndProject
Project("{2150E333-8FDC-42A3-9474-1A3956D46DE8}") = ".nuget", ".nuget", "{DDA8E99F-9749-4FE4-AC64-4AB41EF3F07F}"
	ProjectSection(SolutionItems) = preProject
		.nuget\NuGet.Config = .nuget\NuGet.Config
		.nuget\NuGet.exe = .nuget\NuGet.exe
		.nuget\NuGet.targets = .nuget\NuGet.targets
	EndProjectSection
EndProject
Project("{FAE04EC0-301F-11D3-BF4B-00C04F79EFBC}") = "MyFridge.Tests", "MyFridge.Tests\MyFridge.Tests.csproj", "{9A16ED3A-38AD-4052-B18A-35AEF07BA526}"
EndProject
Global
	GlobalSection(SolutionConfigurationPlatforms) = preSolution
		Ad-Hoc|Any CPU = Ad-Hoc|Any CPU
		Ad-Hoc|ARM = Ad-Hoc|ARM
		Ad-Hoc|iPhone = Ad-Hoc|iPhone
		Ad-Hoc|iPhoneSimulator = Ad-Hoc|iPhoneSimulator
		Ad-Hoc|Mixed Platforms = Ad-Hoc|Mixed Platforms
		Ad-Hoc|x86 = Ad-Hoc|x86
		AppStore|Any CPU = AppStore|Any CPU
		AppStore|ARM = AppStore|ARM
		AppStore|iPhone = AppStore|iPhone
		AppStore|iPhoneSimulator = AppStore|iPhoneSimulator
		AppStore|Mixed Platforms = AppStore|Mixed Platforms
		AppStore|x86 = AppStore|x86
		Debug|Any CPU = Debug|Any CPU
		Debug|ARM = Debug|ARM
		Debug|iPhone = Debug|iPhone
		Debug|iPhoneSimulator = Debug|iPhoneSimulator
		Debug|Mixed Platforms = Debug|Mixed Platforms
		Debug|x86 = Debug|x86
		Release|Any CPU = Release|Any CPU
		Release|ARM = Release|ARM
		Release|iPhone = Release|iPhone
		Release|iPhoneSimulator = Release|iPhoneSimulator
		Release|Mixed Platforms = Release|Mixed Platforms
		Release|x86 = Release|x86
	EndGlobalSection
	GlobalSection(ProjectConfigurationPlatforms) = postSolution
		{1489FA39-35B0-4294-A2FE-9371F21375CA}.Ad-Hoc|Any CPU.ActiveCfg = Release|Any CPU
		{1489FA39-35B0-4294-A2FE-9371F21375CA}.Ad-Hoc|Any CPU.Build.0 = Release|Any CPU
		{1489FA39-35B0-4294-A2FE-9371F21375CA}.Ad-Hoc|ARM.ActiveCfg = Release|Any CPU
		{1489FA39-35B0-4294-A2FE-9371F21375CA}.Ad-Hoc|iPhone.ActiveCfg = Release|Any CPU
		{1489FA39-35B0-4294-A2FE-9371F21375CA}.Ad-Hoc|iPhoneSimulator.ActiveCfg = Release|Any CPU
		{1489FA39-35B0-4294-A2FE-9371F21375CA}.Ad-Hoc|Mixed Platforms.ActiveCfg = Release|Any CPU
		{1489FA39-35B0-4294-A2FE-9371F21375CA}.Ad-Hoc|Mixed Platforms.Build.0 = Release|Any CPU
		{1489FA39-35B0-4294-A2FE-9371F21375CA}.Ad-Hoc|x86.ActiveCfg = Release|Any CPU
		{1489FA39-35B0-4294-A2FE-9371F21375CA}.AppStore|Any CPU.ActiveCfg = Release|Any CPU
		{1489FA39-35B0-4294-A2FE-9371F21375CA}.AppStore|Any CPU.Build.0 = Release|Any CPU
		{1489FA39-35B0-4294-A2FE-9371F21375CA}.AppStore|ARM.ActiveCfg = Release|Any CPU
		{1489FA39-35B0-4294-A2FE-9371F21375CA}.AppStore|iPhone.ActiveCfg = Release|Any CPU
		{1489FA39-35B0-4294-A2FE-9371F21375CA}.AppStore|iPhoneSimulator.ActiveCfg = Release|Any CPU
		{1489FA39-35B0-4294-A2FE-9371F21375CA}.AppStore|Mixed Platforms.ActiveCfg = Release|Any CPU
		{1489FA39-35B0-4294-A2FE-9371F21375CA}.AppStore|Mixed Platforms.Build.0 = Release|Any CPU
		{1489FA39-35B0-4294-A2FE-9371F21375CA}.AppStore|x86.ActiveCfg = Release|Any CPU
		{1489FA39-35B0-4294-A2FE-9371F21375CA}.Debug|Any CPU.ActiveCfg = Debug|Any CPU
		{1489FA39-35B0-4294-A2FE-9371F21375CA}.Debug|Any CPU.Build.0 = Debug|Any CPU
		{1489FA39-35B0-4294-A2FE-9371F21375CA}.Debug|ARM.ActiveCfg = Debug|Any CPU
		{1489FA39-35B0-4294-A2FE-9371F21375CA}.Debug|iPhone.ActiveCfg = Debug|Any CPU
		{1489FA39-35B0-4294-A2FE-9371F21375CA}.Debug|iPhoneSimulator.ActiveCfg = Debug|Any CPU
		{1489FA39-35B0-4294-A2FE-9371F21375CA}.Debug|Mixed Platforms.ActiveCfg = Debug|Any CPU
		{1489FA39-35B0-4294-A2FE-9371F21375CA}.Debug|Mixed Platforms.Build.0 = Debug|Any CPU
		{1489FA39-35B0-4294-A2FE-9371F21375CA}.Debug|x86.ActiveCfg = Debug|Any CPU
		{1489FA39-35B0-4294-A2FE-9371F21375CA}.Release|Any CPU.ActiveCfg = Release|Any CPU
		{1489FA39-35B0-4294-A2FE-9371F21375CA}.Release|Any CPU.Build.0 = Release|Any CPU
		{1489FA39-35B0-4294-A2FE-9371F21375CA}.Release|ARM.ActiveCfg = Release|Any CPU
		{1489FA39-35B0-4294-A2FE-9371F21375CA}.Release|iPhone.ActiveCfg = Release|Any CPU
		{1489FA39-35B0-4294-A2FE-9371F21375CA}.Release|iPhoneSimulator.ActiveCfg = Release|Any CPU
		{1489FA39-35B0-4294-A2FE-9371F21375CA}.Release|Mixed Platforms.ActiveCfg = Release|Any CPU
		{1489FA39-35B0-4294-A2FE-9371F21375CA}.Release|Mixed Platforms.Build.0 = Release|Any CPU
		{1489FA39-35B0-4294-A2FE-9371F21375CA}.Release|x86.ActiveCfg = Release|Any CPU
		{DEADB533-3511-4CC3-95F0-77605AB1A953}.Ad-Hoc|Any CPU.ActiveCfg = Ad-Hoc|iPhone
		{DEADB533-3511-4CC3-95F0-77605AB1A953}.Ad-Hoc|ARM.ActiveCfg = Ad-Hoc|iPhone
		{DEADB533-3511-4CC3-95F0-77605AB1A953}.Ad-Hoc|iPhone.ActiveCfg = Ad-Hoc|iPhone
		{DEADB533-3511-4CC3-95F0-77605AB1A953}.Ad-Hoc|iPhone.Build.0 = Ad-Hoc|iPhone
		{DEADB533-3511-4CC3-95F0-77605AB1A953}.Ad-Hoc|iPhone.Deploy.0 = Ad-Hoc|iPhone
		{DEADB533-3511-4CC3-95F0-77605AB1A953}.Ad-Hoc|iPhoneSimulator.ActiveCfg = Ad-Hoc|iPhoneSimulator
		{DEADB533-3511-4CC3-95F0-77605AB1A953}.Ad-Hoc|iPhoneSimulator.Build.0 = Ad-Hoc|iPhoneSimulator
		{DEADB533-3511-4CC3-95F0-77605AB1A953}.Ad-Hoc|iPhoneSimulator.Deploy.0 = Ad-Hoc|iPhoneSimulator
		{DEADB533-3511-4CC3-95F0-77605AB1A953}.Ad-Hoc|Mixed Platforms.ActiveCfg = Ad-Hoc|iPhone
		{DEADB533-3511-4CC3-95F0-77605AB1A953}.Ad-Hoc|Mixed Platforms.Build.0 = Ad-Hoc|iPhone
		{DEADB533-3511-4CC3-95F0-77605AB1A953}.Ad-Hoc|Mixed Platforms.Deploy.0 = Ad-Hoc|iPhone
		{DEADB533-3511-4CC3-95F0-77605AB1A953}.Ad-Hoc|x86.ActiveCfg = Ad-Hoc|iPhone
		{DEADB533-3511-4CC3-95F0-77605AB1A953}.AppStore|Any CPU.ActiveCfg = AppStore|iPhone
		{DEADB533-3511-4CC3-95F0-77605AB1A953}.AppStore|ARM.ActiveCfg = AppStore|iPhone
		{DEADB533-3511-4CC3-95F0-77605AB1A953}.AppStore|iPhone.ActiveCfg = AppStore|iPhone
		{DEADB533-3511-4CC3-95F0-77605AB1A953}.AppStore|iPhone.Build.0 = AppStore|iPhone
		{DEADB533-3511-4CC3-95F0-77605AB1A953}.AppStore|iPhone.Deploy.0 = AppStore|iPhone
		{DEADB533-3511-4CC3-95F0-77605AB1A953}.AppStore|iPhoneSimulator.ActiveCfg = AppStore|iPhoneSimulator
		{DEADB533-3511-4CC3-95F0-77605AB1A953}.AppStore|iPhoneSimulator.Build.0 = AppStore|iPhoneSimulator
		{DEADB533-3511-4CC3-95F0-77605AB1A953}.AppStore|iPhoneSimulator.Deploy.0 = AppStore|iPhoneSimulator
		{DEADB533-3511-4CC3-95F0-77605AB1A953}.AppStore|Mixed Platforms.ActiveCfg = AppStore|iPhone
		{DEADB533-3511-4CC3-95F0-77605AB1A953}.AppStore|Mixed Platforms.Build.0 = AppStore|iPhone
		{DEADB533-3511-4CC3-95F0-77605AB1A953}.AppStore|Mixed Platforms.Deploy.0 = AppStore|iPhone
		{DEADB533-3511-4CC3-95F0-77605AB1A953}.AppStore|x86.ActiveCfg = AppStore|iPhone
		{DEADB533-3511-4CC3-95F0-77605AB1A953}.Debug|Any CPU.ActiveCfg = Debug|iPhone
		{DEADB533-3511-4CC3-95F0-77605AB1A953}.Debug|ARM.ActiveCfg = Debug|iPhone
		{DEADB533-3511-4CC3-95F0-77605AB1A953}.Debug|iPhone.ActiveCfg = Debug|iPhone
		{DEADB533-3511-4CC3-95F0-77605AB1A953}.Debug|iPhone.Build.0 = Debug|iPhone
		{DEADB533-3511-4CC3-95F0-77605AB1A953}.Debug|iPhone.Deploy.0 = Debug|iPhone
		{DEADB533-3511-4CC3-95F0-77605AB1A953}.Debug|iPhoneSimulator.ActiveCfg = Debug|iPhoneSimulator
		{DEADB533-3511-4CC3-95F0-77605AB1A953}.Debug|iPhoneSimulator.Build.0 = Debug|iPhoneSimulator
		{DEADB533-3511-4CC3-95F0-77605AB1A953}.Debug|iPhoneSimulator.Deploy.0 = Debug|iPhoneSimulator
		{DEADB533-3511-4CC3-95F0-77605AB1A953}.Debug|Mixed Platforms.ActiveCfg = Debug|iPhone
		{DEADB533-3511-4CC3-95F0-77605AB1A953}.Debug|Mixed Platforms.Build.0 = Debug|iPhone
		{DEADB533-3511-4CC3-95F0-77605AB1A953}.Debug|Mixed Platforms.Deploy.0 = Debug|iPhone
		{DEADB533-3511-4CC3-95F0-77605AB1A953}.Debug|x86.ActiveCfg = Debug|iPhone
		{DEADB533-3511-4CC3-95F0-77605AB1A953}.Release|Any CPU.ActiveCfg = Release|iPhone
		{DEADB533-3511-4CC3-95F0-77605AB1A953}.Release|ARM.ActiveCfg = Release|iPhone
		{DEADB533-3511-4CC3-95F0-77605AB1A953}.Release|iPhone.ActiveCfg = Release|iPhone
		{DEADB533-3511-4CC3-95F0-77605AB1A953}.Release|iPhone.Build.0 = Release|iPhone
		{DEADB533-3511-4CC3-95F0-77605AB1A953}.Release|iPhone.Deploy.0 = Release|iPhone
		{DEADB533-3511-4CC3-95F0-77605AB1A953}.Release|iPhoneSimulator.ActiveCfg = Release|iPhoneSimulator
		{DEADB533-3511-4CC3-95F0-77605AB1A953}.Release|iPhoneSimulator.Build.0 = Release|iPhoneSimulator
		{DEADB533-3511-4CC3-95F0-77605AB1A953}.Release|iPhoneSimulator.Deploy.0 = Release|iPhoneSimulator
		{DEADB533-3511-4CC3-95F0-77605AB1A953}.Release|Mixed Platforms.ActiveCfg = Release|iPhone
		{DEADB533-3511-4CC3-95F0-77605AB1A953}.Release|Mixed Platforms.Build.0 = Release|iPhone
		{DEADB533-3511-4CC3-95F0-77605AB1A953}.Release|Mixed Platforms.Deploy.0 = Release|iPhone
		{DEADB533-3511-4CC3-95F0-77605AB1A953}.Release|x86.ActiveCfg = Release|iPhone
		{6AE17A32-CB82-43F6-9E4C-00B557101C97}.Ad-Hoc|Any CPU.ActiveCfg = Release|Any CPU
		{6AE17A32-CB82-43F6-9E4C-00B557101C97}.Ad-Hoc|Any CPU.Build.0 = Release|Any CPU
		{6AE17A32-CB82-43F6-9E4C-00B557101C97}.Ad-Hoc|Any CPU.Deploy.0 = Release|Any CPU
		{6AE17A32-CB82-43F6-9E4C-00B557101C97}.Ad-Hoc|ARM.ActiveCfg = Release|Any CPU
		{6AE17A32-CB82-43F6-9E4C-00B557101C97}.Ad-Hoc|iPhone.ActiveCfg = Release|Any CPU
		{6AE17A32-CB82-43F6-9E4C-00B557101C97}.Ad-Hoc|iPhoneSimulator.ActiveCfg = Release|Any CPU
		{6AE17A32-CB82-43F6-9E4C-00B557101C97}.Ad-Hoc|Mixed Platforms.ActiveCfg = Release|Any CPU
		{6AE17A32-CB82-43F6-9E4C-00B557101C97}.Ad-Hoc|Mixed Platforms.Build.0 = Release|Any CPU
		{6AE17A32-CB82-43F6-9E4C-00B557101C97}.Ad-Hoc|Mixed Platforms.Deploy.0 = Release|Any CPU
		{6AE17A32-CB82-43F6-9E4C-00B557101C97}.Ad-Hoc|x86.ActiveCfg = Release|Any CPU
		{6AE17A32-CB82-43F6-9E4C-00B557101C97}.AppStore|Any CPU.ActiveCfg = Release|Any CPU
		{6AE17A32-CB82-43F6-9E4C-00B557101C97}.AppStore|Any CPU.Build.0 = Release|Any CPU
		{6AE17A32-CB82-43F6-9E4C-00B557101C97}.AppStore|Any CPU.Deploy.0 = Release|Any CPU
		{6AE17A32-CB82-43F6-9E4C-00B557101C97}.AppStore|ARM.ActiveCfg = Release|Any CPU
		{6AE17A32-CB82-43F6-9E4C-00B557101C97}.AppStore|iPhone.ActiveCfg = Release|Any CPU
		{6AE17A32-CB82-43F6-9E4C-00B557101C97}.AppStore|iPhoneSimulator.ActiveCfg = Release|Any CPU
		{6AE17A32-CB82-43F6-9E4C-00B557101C97}.AppStore|Mixed Platforms.ActiveCfg = Release|Any CPU
		{6AE17A32-CB82-43F6-9E4C-00B557101C97}.AppStore|Mixed Platforms.Build.0 = Release|Any CPU
		{6AE17A32-CB82-43F6-9E4C-00B557101C97}.AppStore|Mixed Platforms.Deploy.0 = Release|Any CPU
		{6AE17A32-CB82-43F6-9E4C-00B557101C97}.AppStore|x86.ActiveCfg = Release|Any CPU
		{6AE17A32-CB82-43F6-9E4C-00B557101C97}.Debug|Any CPU.ActiveCfg = Debug|Any CPU
		{6AE17A32-CB82-43F6-9E4C-00B557101C97}.Debug|Any CPU.Build.0 = Debug|Any CPU
		{6AE17A32-CB82-43F6-9E4C-00B557101C97}.Debug|Any CPU.Deploy.0 = Debug|Any CPU
		{6AE17A32-CB82-43F6-9E4C-00B557101C97}.Debug|ARM.ActiveCfg = Debug|Any CPU
		{6AE17A32-CB82-43F6-9E4C-00B557101C97}.Debug|iPhone.ActiveCfg = Debug|Any CPU
		{6AE17A32-CB82-43F6-9E4C-00B557101C97}.Debug|iPhoneSimulator.ActiveCfg = Debug|Any CPU
		{6AE17A32-CB82-43F6-9E4C-00B557101C97}.Debug|Mixed Platforms.ActiveCfg = Debug|Any CPU
		{6AE17A32-CB82-43F6-9E4C-00B557101C97}.Debug|Mixed Platforms.Build.0 = Debug|Any CPU
		{6AE17A32-CB82-43F6-9E4C-00B557101C97}.Debug|Mixed Platforms.Deploy.0 = Debug|Any CPU
		{6AE17A32-CB82-43F6-9E4C-00B557101C97}.Debug|x86.ActiveCfg = Debug|Any CPU
		{6AE17A32-CB82-43F6-9E4C-00B557101C97}.Release|Any CPU.ActiveCfg = Release|Any CPU
		{6AE17A32-CB82-43F6-9E4C-00B557101C97}.Release|Any CPU.Build.0 = Release|Any CPU
		{6AE17A32-CB82-43F6-9E4C-00B557101C97}.Release|Any CPU.Deploy.0 = Release|Any CPU
		{6AE17A32-CB82-43F6-9E4C-00B557101C97}.Release|ARM.ActiveCfg = Release|Any CPU
		{6AE17A32-CB82-43F6-9E4C-00B557101C97}.Release|iPhone.ActiveCfg = Release|Any CPU
		{6AE17A32-CB82-43F6-9E4C-00B557101C97}.Release|iPhoneSimulator.ActiveCfg = Release|Any CPU
		{6AE17A32-CB82-43F6-9E4C-00B557101C97}.Release|Mixed Platforms.ActiveCfg = Release|Any CPU
		{6AE17A32-CB82-43F6-9E4C-00B557101C97}.Release|Mixed Platforms.Build.0 = Release|Any CPU
		{6AE17A32-CB82-43F6-9E4C-00B557101C97}.Release|Mixed Platforms.Deploy.0 = Release|Any CPU
		{6AE17A32-CB82-43F6-9E4C-00B557101C97}.Release|x86.ActiveCfg = Release|Any CPU
		{6BD75EBF-BF79-4DD1-B122-744DA7B0EEAD}.Ad-Hoc|Any CPU.ActiveCfg = Release|Any CPU
		{6BD75EBF-BF79-4DD1-B122-744DA7B0EEAD}.Ad-Hoc|Any CPU.Build.0 = Release|Any CPU
		{6BD75EBF-BF79-4DD1-B122-744DA7B0EEAD}.Ad-Hoc|Any CPU.Deploy.0 = Release|Any CPU
		{6BD75EBF-BF79-4DD1-B122-744DA7B0EEAD}.Ad-Hoc|ARM.ActiveCfg = Release|ARM
		{6BD75EBF-BF79-4DD1-B122-744DA7B0EEAD}.Ad-Hoc|ARM.Build.0 = Release|ARM
		{6BD75EBF-BF79-4DD1-B122-744DA7B0EEAD}.Ad-Hoc|ARM.Deploy.0 = Release|ARM
		{6BD75EBF-BF79-4DD1-B122-744DA7B0EEAD}.Ad-Hoc|iPhone.ActiveCfg = Release|Any CPU
		{6BD75EBF-BF79-4DD1-B122-744DA7B0EEAD}.Ad-Hoc|iPhoneSimulator.ActiveCfg = Release|Any CPU
		{6BD75EBF-BF79-4DD1-B122-744DA7B0EEAD}.Ad-Hoc|Mixed Platforms.ActiveCfg = Release|x86
		{6BD75EBF-BF79-4DD1-B122-744DA7B0EEAD}.Ad-Hoc|Mixed Platforms.Build.0 = Release|x86
		{6BD75EBF-BF79-4DD1-B122-744DA7B0EEAD}.Ad-Hoc|Mixed Platforms.Deploy.0 = Release|x86
		{6BD75EBF-BF79-4DD1-B122-744DA7B0EEAD}.Ad-Hoc|x86.ActiveCfg = Release|x86
		{6BD75EBF-BF79-4DD1-B122-744DA7B0EEAD}.Ad-Hoc|x86.Build.0 = Release|x86
		{6BD75EBF-BF79-4DD1-B122-744DA7B0EEAD}.Ad-Hoc|x86.Deploy.0 = Release|x86
		{6BD75EBF-BF79-4DD1-B122-744DA7B0EEAD}.AppStore|Any CPU.ActiveCfg = Release|Any CPU
		{6BD75EBF-BF79-4DD1-B122-744DA7B0EEAD}.AppStore|Any CPU.Build.0 = Release|Any CPU
		{6BD75EBF-BF79-4DD1-B122-744DA7B0EEAD}.AppStore|Any CPU.Deploy.0 = Release|Any CPU
		{6BD75EBF-BF79-4DD1-B122-744DA7B0EEAD}.AppStore|ARM.ActiveCfg = Release|ARM
		{6BD75EBF-BF79-4DD1-B122-744DA7B0EEAD}.AppStore|ARM.Build.0 = Release|ARM
		{6BD75EBF-BF79-4DD1-B122-744DA7B0EEAD}.AppStore|ARM.Deploy.0 = Release|ARM
		{6BD75EBF-BF79-4DD1-B122-744DA7B0EEAD}.AppStore|iPhone.ActiveCfg = Release|Any CPU
		{6BD75EBF-BF79-4DD1-B122-744DA7B0EEAD}.AppStore|iPhoneSimulator.ActiveCfg = Release|Any CPU
		{6BD75EBF-BF79-4DD1-B122-744DA7B0EEAD}.AppStore|Mixed Platforms.ActiveCfg = Release|x86
		{6BD75EBF-BF79-4DD1-B122-744DA7B0EEAD}.AppStore|Mixed Platforms.Build.0 = Release|x86
		{6BD75EBF-BF79-4DD1-B122-744DA7B0EEAD}.AppStore|Mixed Platforms.Deploy.0 = Release|x86
		{6BD75EBF-BF79-4DD1-B122-744DA7B0EEAD}.AppStore|x86.ActiveCfg = Release|x86
		{6BD75EBF-BF79-4DD1-B122-744DA7B0EEAD}.AppStore|x86.Build.0 = Release|x86
		{6BD75EBF-BF79-4DD1-B122-744DA7B0EEAD}.AppStore|x86.Deploy.0 = Release|x86
		{6BD75EBF-BF79-4DD1-B122-744DA7B0EEAD}.Debug|Any CPU.ActiveCfg = Debug|Any CPU
		{6BD75EBF-BF79-4DD1-B122-744DA7B0EEAD}.Debug|Any CPU.Build.0 = Debug|Any CPU
		{6BD75EBF-BF79-4DD1-B122-744DA7B0EEAD}.Debug|Any CPU.Deploy.0 = Debug|Any CPU
		{6BD75EBF-BF79-4DD1-B122-744DA7B0EEAD}.Debug|ARM.ActiveCfg = Debug|ARM
		{6BD75EBF-BF79-4DD1-B122-744DA7B0EEAD}.Debug|ARM.Build.0 = Debug|ARM
		{6BD75EBF-BF79-4DD1-B122-744DA7B0EEAD}.Debug|ARM.Deploy.0 = Debug|ARM
		{6BD75EBF-BF79-4DD1-B122-744DA7B0EEAD}.Debug|iPhone.ActiveCfg = Debug|Any CPU
		{6BD75EBF-BF79-4DD1-B122-744DA7B0EEAD}.Debug|iPhoneSimulator.ActiveCfg = Debug|Any CPU
		{6BD75EBF-BF79-4DD1-B122-744DA7B0EEAD}.Debug|Mixed Platforms.ActiveCfg = Debug|x86
		{6BD75EBF-BF79-4DD1-B122-744DA7B0EEAD}.Debug|Mixed Platforms.Build.0 = Debug|x86
		{6BD75EBF-BF79-4DD1-B122-744DA7B0EEAD}.Debug|Mixed Platforms.Deploy.0 = Debug|x86
		{6BD75EBF-BF79-4DD1-B122-744DA7B0EEAD}.Debug|x86.ActiveCfg = Debug|x86
		{6BD75EBF-BF79-4DD1-B122-744DA7B0EEAD}.Debug|x86.Build.0 = Debug|x86
		{6BD75EBF-BF79-4DD1-B122-744DA7B0EEAD}.Debug|x86.Deploy.0 = Debug|x86
		{6BD75EBF-BF79-4DD1-B122-744DA7B0EEAD}.Release|Any CPU.ActiveCfg = Release|Any CPU
		{6BD75EBF-BF79-4DD1-B122-744DA7B0EEAD}.Release|Any CPU.Build.0 = Release|Any CPU
		{6BD75EBF-BF79-4DD1-B122-744DA7B0EEAD}.Release|Any CPU.Deploy.0 = Release|Any CPU
		{6BD75EBF-BF79-4DD1-B122-744DA7B0EEAD}.Release|ARM.ActiveCfg = Release|ARM
		{6BD75EBF-BF79-4DD1-B122-744DA7B0EEAD}.Release|ARM.Build.0 = Release|ARM
		{6BD75EBF-BF79-4DD1-B122-744DA7B0EEAD}.Release|ARM.Deploy.0 = Release|ARM
		{6BD75EBF-BF79-4DD1-B122-744DA7B0EEAD}.Release|iPhone.ActiveCfg = Release|Any CPU
		{6BD75EBF-BF79-4DD1-B122-744DA7B0EEAD}.Release|iPhoneSimulator.ActiveCfg = Release|Any CPU
		{6BD75EBF-BF79-4DD1-B122-744DA7B0EEAD}.Release|Mixed Platforms.ActiveCfg = Release|x86
		{6BD75EBF-BF79-4DD1-B122-744DA7B0EEAD}.Release|Mixed Platforms.Build.0 = Release|x86
		{6BD75EBF-BF79-4DD1-B122-744DA7B0EEAD}.Release|Mixed Platforms.Deploy.0 = Release|x86
		{6BD75EBF-BF79-4DD1-B122-744DA7B0EEAD}.Release|x86.ActiveCfg = Release|x86
		{6BD75EBF-BF79-4DD1-B122-744DA7B0EEAD}.Release|x86.Build.0 = Release|x86
		{6BD75EBF-BF79-4DD1-B122-744DA7B0EEAD}.Release|x86.Deploy.0 = Release|x86
		{9A16ED3A-38AD-4052-B18A-35AEF07BA526}.Ad-Hoc|Any CPU.ActiveCfg = Release|Any CPU
		{9A16ED3A-38AD-4052-B18A-35AEF07BA526}.Ad-Hoc|Any CPU.Build.0 = Release|Any CPU
		{9A16ED3A-38AD-4052-B18A-35AEF07BA526}.Ad-Hoc|ARM.ActiveCfg = Release|Any CPU
		{9A16ED3A-38AD-4052-B18A-35AEF07BA526}.Ad-Hoc|iPhone.ActiveCfg = Release|Any CPU
		{9A16ED3A-38AD-4052-B18A-35AEF07BA526}.Ad-Hoc|iPhoneSimulator.ActiveCfg = Release|Any CPU
		{9A16ED3A-38AD-4052-B18A-35AEF07BA526}.Ad-Hoc|Mixed Platforms.ActiveCfg = Release|Any CPU
		{9A16ED3A-38AD-4052-B18A-35AEF07BA526}.Ad-Hoc|Mixed Platforms.Build.0 = Release|Any CPU
		{9A16ED3A-38AD-4052-B18A-35AEF07BA526}.Ad-Hoc|x86.ActiveCfg = Release|Any CPU
		{9A16ED3A-38AD-4052-B18A-35AEF07BA526}.AppStore|Any CPU.ActiveCfg = Release|Any CPU
		{9A16ED3A-38AD-4052-B18A-35AEF07BA526}.AppStore|Any CPU.Build.0 = Release|Any CPU
		{9A16ED3A-38AD-4052-B18A-35AEF07BA526}.AppStore|ARM.ActiveCfg = Release|Any CPU
		{9A16ED3A-38AD-4052-B18A-35AEF07BA526}.AppStore|iPhone.ActiveCfg = Release|Any CPU
		{9A16ED3A-38AD-4052-B18A-35AEF07BA526}.AppStore|iPhoneSimulator.ActiveCfg = Release|Any CPU
		{9A16ED3A-38AD-4052-B18A-35AEF07BA526}.AppStore|Mixed Platforms.ActiveCfg = Release|Any CPU
		{9A16ED3A-38AD-4052-B18A-35AEF07BA526}.AppStore|Mixed Platforms.Build.0 = Release|Any CPU
		{9A16ED3A-38AD-4052-B18A-35AEF07BA526}.AppStore|x86.ActiveCfg = Release|Any CPU
		{9A16ED3A-38AD-4052-B18A-35AEF07BA526}.Debug|Any CPU.ActiveCfg = Debug|Any CPU
		{9A16ED3A-38AD-4052-B18A-35AEF07BA526}.Debug|Any CPU.Build.0 = Debug|Any CPU
		{9A16ED3A-38AD-4052-B18A-35AEF07BA526}.Debug|ARM.ActiveCfg = Debug|Any CPU
		{9A16ED3A-38AD-4052-B18A-35AEF07BA526}.Debug|iPhone.ActiveCfg = Debug|Any CPU
		{9A16ED3A-38AD-4052-B18A-35AEF07BA526}.Debug|iPhoneSimulator.ActiveCfg = Debug|Any CPU
		{9A16ED3A-38AD-4052-B18A-35AEF07BA526}.Debug|Mixed Platforms.ActiveCfg = Debug|Any CPU
		{9A16ED3A-38AD-4052-B18A-35AEF07BA526}.Debug|Mixed Platforms.Build.0 = Debug|Any CPU
		{9A16ED3A-38AD-4052-B18A-35AEF07BA526}.Debug|x86.ActiveCfg = Debug|Any CPU
		{9A16ED3A-38AD-4052-B18A-35AEF07BA526}.Release|Any CPU.ActiveCfg = Release|Any CPU
		{9A16ED3A-38AD-4052-B18A-35AEF07BA526}.Release|Any CPU.Build.0 = Release|Any CPU
		{9A16ED3A-38AD-4052-B18A-35AEF07BA526}.Release|ARM.ActiveCfg = Release|Any CPU
		{9A16ED3A-38AD-4052-B18A-35AEF07BA526}.Release|iPhone.ActiveCfg = Release|Any CPU
		{9A16ED3A-38AD-4052-B18A-35AEF07BA526}.Release|iPhoneSimulator.ActiveCfg = Release|Any CPU
		{9A16ED3A-38AD-4052-B18A-35AEF07BA526}.Release|Mixed Platforms.ActiveCfg = Release|Any CPU
		{9A16ED3A-38AD-4052-B18A-35AEF07BA526}.Release|Mixed Platforms.Build.0 = Release|Any CPU
		{9A16ED3A-38AD-4052-B18A-35AEF07BA526}.Release|x86.ActiveCfg = Release|Any CPU
	EndGlobalSection
	GlobalSection(SolutionProperties) = preSolution
		HideSolutionNode = FALSE
	EndGlobalSection
EndGlobal
